
Microsoft Visual Studio Solution File, Format Version 12.00
# Visual Studio 14
VisualStudioVersion = 14.0.25420.1
MinimumVisualStudioVersion = 10.0.40219.1
Project("{FAE04EC0-301F-11D3-BF4B-00C04F79EFBC}") = "DescontosFidelidade", "DescontosFidelidade\DescontosFidelidade.csproj", "{AB3A8DBF-886F-4BDE-9F70-B90E293B560F}"
EndProject
Global
	GlobalSection(SolutionConfigurationPlatforms) = preSolution
		Debug|Any CPU = Debug|Any CPU
		Release|Any CPU = Release|Any CPU
	EndGlobalSection
	GlobalSection(ProjectConfigurationPlatforms) = postSolution
		{AB3A8DBF-886F-4BDE-9F70-B90E293B560F}.Debug|Any CPU.ActiveCfg = Debug|Any CPU
		{AB3A8DBF-886F-4BDE-9F70-B90E293B560F}.Debug|Any CPU.Build.0 = Debug|Any CPU
		{AB3A8DBF-886F-4BDE-9F70-B90E293B560F}.Release|Any CPU.ActiveCfg = Release|Any CPU
		{AB3A8DBF-886F-4BDE-9F70-B90E293B560F}.Release|Any CPU.Build.0 = Release|Any CPU
	EndGlobalSection
	GlobalSection(SolutionProperties) = preSolution
		HideSolutionNode = FALSE
	EndGlobalSection
EndGlobal
